{
  "name": "@nfreear/vtt-data",
  "lockfileVersion": 3,
  "requires": true,
  "packages": {
    "": {
      "name": "@nfreear/vtt-data",
      "devDependencies": {
        "audio-describe": "^0.9.1"
      }
    },
    "node_modules/@plussub/srt-vtt-parser": {
      "version": "2.0.5",
      "resolved": "https://registry.npmjs.org/@plussub/srt-vtt-parser/-/srt-vtt-parser-2.0.5.tgz",
      "integrity": "sha512-cOedEgu7gyea9k+ixkPCQGf8ABBctFWWsBYnVCzzmuoHz45awc9vKtveHzn7VugR36fzFqgkXaLEn2HdZnzFdQ==",
      "dev": true,
      "license": "MIT"
    },
    "node_modules/audio-describe": {
      "version": "0.9.1",
      "resolved": "https://registry.npmjs.org/audio-describe/-/audio-describe-0.9.1.tgz",
      "integrity": "sha512-AEbwD/ibOMJWyuI2C6oLh/3RJSbcXBaALMlK60wNrcZhIvbE63eV8RXsSfqdxPvpDyqu8QVWc+R5ahqcFJsQGQ==",
      "dev": true,
      "license": "MIT",
      "dependencies": {
        "@plussub/srt-vtt-parser": "^2.0.5"
      }
    }
  }
}
